// !$*UTF8*$!
{
	archiveVersion = 1;
	classes = {
	};
	objectVersion = 56;
	objects = {

/* Begin PBXBuildFile section */
		AC4E43F22C14B48F0024EE52 /* VitesseApp.swift in Sources */ = {isa = PBXBuildFile; fileRef = AC4E43F12C14B48F0024EE52 /* VitesseApp.swift */; };
		AC4E43F62C14B48F0024EE52 /* Assets.xcassets in Resources */ = {isa = PBXBuildFile; fileRef = AC4E43F52C14B48F0024EE52 /* Assets.xcassets */; };
		AC4E43F92C14B48F0024EE52 /* Preview Assets.xcassets in Resources */ = {isa = PBXBuildFile; fileRef = AC4E43F82C14B48F0024EE52 /* Preview Assets.xcassets */; };
		AC4E44052C14B63D0024EE52 /* RegisterViewModel.swift in Sources */ = {isa = PBXBuildFile; fileRef = AC4E44022C14B63D0024EE52 /* RegisterViewModel.swift */; };
		AC4E44062C14B63D0024EE52 /* LoginViewModel.swift in Sources */ = {isa = PBXBuildFile; fileRef = AC4E44032C14B63D0024EE52 /* LoginViewModel.swift */; };
		AC4E44072C14B63D0024EE52 /* CandidatesListViewModel.swift in Sources */ = {isa = PBXBuildFile; fileRef = AC4E44042C14B63D0024EE52 /* CandidatesListViewModel.swift */; };
		AC4E440B2C14B6460024EE52 /* RegisterView.swift in Sources */ = {isa = PBXBuildFile; fileRef = AC4E44082C14B6460024EE52 /* RegisterView.swift */; };
		AC4E440C2C14B6460024EE52 /* LoginView.swift in Sources */ = {isa = PBXBuildFile; fileRef = AC4E44092C14B6460024EE52 /* LoginView.swift */; };
		AC4E440D2C14B6460024EE52 /* CandidatesListView.swift in Sources */ = {isa = PBXBuildFile; fileRef = AC4E440A2C14B6460024EE52 /* CandidatesListView.swift */; };
		AC4E440F2C14B7310024EE52 /* MockCandidatesList.swift in Sources */ = {isa = PBXBuildFile; fileRef = AC4E440E2C14B7310024EE52 /* MockCandidatesList.swift */; };
		AC4E44112C14B7A00024EE52 /* Candidate.swift in Sources */ = {isa = PBXBuildFile; fileRef = AC4E44102C14B7A00024EE52 /* Candidate.swift */; };
		AC4E44132C1504950024EE52 /* CandidateView.swift in Sources */ = {isa = PBXBuildFile; fileRef = AC4E44122C1504950024EE52 /* CandidateView.swift */; };
		AC4E44152C1504B00024EE52 /* CandidateViewModel.swift in Sources */ = {isa = PBXBuildFile; fileRef = AC4E44142C1504B00024EE52 /* CandidateViewModel.swift */; };
		AC641CD22C16D78700644E9F /* CandidateEditView.swift in Sources */ = {isa = PBXBuildFile; fileRef = AC641CD12C16D78700644E9F /* CandidateEditView.swift */; };
/* End PBXBuildFile section */

/* Begin PBXFileReference section */
		AC4E43EE2C14B48F0024EE52 /* Vitesse.app */ = {isa = PBXFileReference; explicitFileType = wrapper.application; includeInIndex = 0; path = Vitesse.app; sourceTree = BUILT_PRODUCTS_DIR; };
		AC4E43F12C14B48F0024EE52 /* VitesseApp.swift */ = {isa = PBXFileReference; lastKnownFileType = sourcecode.swift; path = VitesseApp.swift; sourceTree = "<group>"; };
		AC4E43F52C14B48F0024EE52 /* Assets.xcassets */ = {isa = PBXFileReference; lastKnownFileType = folder.assetcatalog; path = Assets.xcassets; sourceTree = "<group>"; };
		AC4E43F82C14B48F0024EE52 /* Preview Assets.xcassets */ = {isa = PBXFileReference; lastKnownFileType = folder.assetcatalog; path = "Preview Assets.xcassets"; sourceTree = "<group>"; };
		AC4E44022C14B63D0024EE52 /* RegisterViewModel.swift */ = {isa = PBXFileReference; fileEncoding = 4; lastKnownFileType = sourcecode.swift; path = RegisterViewModel.swift; sourceTree = "<group>"; };
		AC4E44032C14B63D0024EE52 /* LoginViewModel.swift */ = {isa = PBXFileReference; fileEncoding = 4; lastKnownFileType = sourcecode.swift; path = LoginViewModel.swift; sourceTree = "<group>"; };
		AC4E44042C14B63D0024EE52 /* CandidatesListViewModel.swift */ = {isa = PBXFileReference; fileEncoding = 4; lastKnownFileType = sourcecode.swift; path = CandidatesListViewModel.swift; sourceTree = "<group>"; };
		AC4E44082C14B6460024EE52 /* RegisterView.swift */ = {isa = PBXFileReference; fileEncoding = 4; lastKnownFileType = sourcecode.swift; path = RegisterView.swift; sourceTree = "<group>"; };
		AC4E44092C14B6460024EE52 /* LoginView.swift */ = {isa = PBXFileReference; fileEncoding = 4; lastKnownFileType = sourcecode.swift; path = LoginView.swift; sourceTree = "<group>"; };
		AC4E440A2C14B6460024EE52 /* CandidatesListView.swift */ = {isa = PBXFileReference; fileEncoding = 4; lastKnownFileType = sourcecode.swift; path = CandidatesListView.swift; sourceTree = "<group>"; };
		AC4E440E2C14B7310024EE52 /* MockCandidatesList.swift */ = {isa = PBXFileReference; lastKnownFileType = sourcecode.swift; path = MockCandidatesList.swift; sourceTree = "<group>"; };
		AC4E44102C14B7A00024EE52 /* Candidate.swift */ = {isa = PBXFileReference; lastKnownFileType = sourcecode.swift; path = Candidate.swift; sourceTree = "<group>"; };
		AC4E44122C1504950024EE52 /* CandidateView.swift */ = {isa = PBXFileReference; lastKnownFileType = sourcecode.swift; path = CandidateView.swift; sourceTree = "<group>"; };
		AC4E44142C1504B00024EE52 /* CandidateViewModel.swift */ = {isa = PBXFileReference; lastKnownFileType = sourcecode.swift; path = CandidateViewModel.swift; sourceTree = "<group>"; };
		AC641CD12C16D78700644E9F /* CandidateEditView.swift */ = {isa = PBXFileReference; lastKnownFileType = sourcecode.swift; path = CandidateEditView.swift; sourceTree = "<group>"; };
/* End PBXFileReference section */

/* Begin PBXFrameworksBuildPhase section */
		AC4E43EB2C14B48F0024EE52 /* Frameworks */ = {
			isa = PBXFrameworksBuildPhase;
			buildActionMask = 2147483647;
			files = (
			);
			runOnlyForDeploymentPostprocessing = 0;
		};
/* End PBXFrameworksBuildPhase section */

/* Begin PBXGroup section */
		AC4E43E52C14B48F0024EE52 = {
			isa = PBXGroup;
			children = (
				AC4E43F02C14B48F0024EE52 /* Vitesse */,
				AC4E43EF2C14B48F0024EE52 /* Products */,
			);
			sourceTree = "<group>";
		};
		AC4E43EF2C14B48F0024EE52 /* Products */ = {
			isa = PBXGroup;
			children = (
				AC4E43EE2C14B48F0024EE52 /* Vitesse.app */,
			);
			name = Products;
			sourceTree = "<group>";
		};
		AC4E43F02C14B48F0024EE52 /* Vitesse */ = {
			isa = PBXGroup;
			children = (
				AC4E43F12C14B48F0024EE52 /* VitesseApp.swift */,
				AC4E44012C14B5F90024EE52 /* Model */,
				AC4E43FF2C14B5DB0024EE52 /* ViewModels */,
				AC4E44002C14B5ED0024EE52 /* Views */,
				AC4E43F52C14B48F0024EE52 /* Assets.xcassets */,
				AC4E43F72C14B48F0024EE52 /* Preview Content */,
			);
			path = Vitesse;
			sourceTree = "<group>";
		};
		AC4E43F72C14B48F0024EE52 /* Preview Content */ = {
			isa = PBXGroup;
			children = (
				AC4E43F82C14B48F0024EE52 /* Preview Assets.xcassets */,
			);
			path = "Preview Content";
			sourceTree = "<group>";
		};
		AC4E43FF2C14B5DB0024EE52 /* ViewModels */ = {
			isa = PBXGroup;
			children = (
				AC4E44032C14B63D0024EE52 /* LoginViewModel.swift */,
				AC4E44022C14B63D0024EE52 /* RegisterViewModel.swift */,
				AC4E44042C14B63D0024EE52 /* CandidatesListViewModel.swift */,
				AC4E44142C1504B00024EE52 /* CandidateViewModel.swift */,
			);
			path = ViewModels;
			sourceTree = "<group>";
		};
		AC4E44002C14B5ED0024EE52 /* Views */ = {
			isa = PBXGroup;
			children = (
				AC4E44092C14B6460024EE52 /* LoginView.swift */,
				AC4E44082C14B6460024EE52 /* RegisterView.swift */,
				AC4E440A2C14B6460024EE52 /* CandidatesListView.swift */,
				AC4E44122C1504950024EE52 /* CandidateView.swift */,
				AC641CD12C16D78700644E9F /* CandidateEditView.swift */,
			);
			path = Views;
			sourceTree = "<group>";
		};
		AC4E44012C14B5F90024EE52 /* Model */ = {
			isa = PBXGroup;
			children = (
				AC4E44102C14B7A00024EE52 /* Candidate.swift */,
				AC4E440E2C14B7310024EE52 /* MockCandidatesList.swift */,
			);
			path = Model;
			sourceTree = "<group>";
		};
/* End PBXGroup section */

/* Begin PBXNativeTarget section */
		AC4E43ED2C14B48F0024EE52 /* Vitesse */ = {
			isa = PBXNativeTarget;
			buildConfigurationList = AC4E43FC2C14B48F0024EE52 /* Build configuration list for PBXNativeTarget "Vitesse" */;
			buildPhases = (
				AC4E43EA2C14B48F0024EE52 /* Sources */,
				AC4E43EB2C14B48F0024EE52 /* Frameworks */,
				AC4E43EC2C14B48F0024EE52 /* Resources */,
			);
			buildRules = (
			);
			dependencies = (
			);
			name = Vitesse;
			productName = Vitesse;
			productReference = AC4E43EE2C14B48F0024EE52 /* Vitesse.app */;
			productType = "com.apple.product-type.application";
		};
/* End PBXNativeTarget section */

/* Begin PBXProject section */
		AC4E43E62C14B48F0024EE52 /* Project object */ = {
			isa = PBXProject;
			attributes = {
				BuildIndependentTargetsInParallel = 1;
				LastSwiftUpdateCheck = 1540;
				LastUpgradeCheck = 1540;
				TargetAttributes = {
					AC4E43ED2C14B48F0024EE52 = {
						CreatedOnToolsVersion = 15.4;
					};
				};
			};
			buildConfigurationList = AC4E43E92C14B48F0024EE52 /* Build configuration list for PBXProject "Vitesse" */;
			compatibilityVersion = "Xcode 14.0";
			developmentRegion = en;
			hasScannedForEncodings = 0;
			knownRegions = (
				en,
				Base,
			);
			mainGroup = AC4E43E52C14B48F0024EE52;
			productRefGroup = AC4E43EF2C14B48F0024EE52 /* Products */;
			projectDirPath = "";
			projectRoot = "";
			targets = (
				AC4E43ED2C14B48F0024EE52 /* Vitesse */,
			);
		};
/* End PBXProject section */

/* Begin PBXResourcesBuildPhase section */
		AC4E43EC2C14B48F0024EE52 /* Resources */ = {
			isa = PBXResourcesBuildPhase;
			buildActionMask = 2147483647;
			files = (
				AC4E43F92C14B48F0024EE52 /* Preview Assets.xcassets in Resources */,
				AC4E43F62C14B48F0024EE52 /* Assets.xcassets in Resources */,
			);
			runOnlyForDeploymentPostprocessing = 0;
		};
/* End PBXResourcesBuildPhase section */

/* Begin PBXSourcesBuildPhase section */
		AC4E43EA2C14B48F0024EE52 /* Sources */ = {
			isa = PBXSourcesBuildPhase;
			buildActionMask = 2147483647;
			files = (
				AC641CD22C16D78700644E9F /* CandidateEditView.swift in Sources */,
				AC4E44072C14B63D0024EE52 /* CandidatesListViewModel.swift in Sources */,
				AC4E440F2C14B7310024EE52 /* MockCandidatesList.swift in Sources */,
				AC4E440C2C14B6460024EE52 /* LoginView.swift in Sources */,
				AC4E440D2C14B6460024EE52 /* CandidatesListView.swift in Sources */,
				AC4E44062C14B63D0024EE52 /* LoginViewModel.swift in Sources */,
				AC4E440B2C14B6460024EE52 /* RegisterView.swift in Sources */,
				AC4E44152C1504B00024EE52 /* CandidateViewModel.swift in Sources */,
				AC4E44132C1504950024EE52 /* CandidateView.swift in Sources */,
				AC4E44112C14B7A00024EE52 /* Candidate.swift in Sources */,
				AC4E44052C14B63D0024EE52 /* RegisterViewModel.swift in Sources */,
				AC4E43F22C14B48F0024EE52 /* VitesseApp.swift in Sources */,
			);
			runOnlyForDeploymentPostprocessing = 0;
		};
/* End PBXSourcesBuildPhase section */

/* Begin XCBuildConfiguration section */
		AC4E43FA2C14B48F0024EE52 /* Debug */ = {
			isa = XCBuildConfiguration;
			buildSettings = {
				ALWAYS_SEARCH_USER_PATHS = NO;
				ASSETCATALOG_COMPILER_GENERATE_SWIFT_ASSET_SYMBOL_EXTENSIONS = YES;
				CLANG_ANALYZER_NONNULL = YES;
				CLANG_ANALYZER_NUMBER_OBJECT_CONVERSION = YES_AGGRESSIVE;
				CLANG_CXX_LANGUAGE_STANDARD = "gnu++20";
				CLANG_ENABLE_MODULES = YES;
				CLANG_ENABLE_OBJC_ARC = YES;
				CLANG_ENABLE_OBJC_WEAK = YES;
				CLANG_WARN_BLOCK_CAPTURE_AUTORELEASING = YES;
				CLANG_WARN_BOOL_CONVERSION = YES;
				CLANG_WARN_COMMA = YES;
				CLANG_WARN_CONSTANT_CONVERSION = YES;
				CLANG_WARN_DEPRECATED_OBJC_IMPLEMENTATIONS = YES;
				CLANG_WARN_DIRECT_OBJC_ISA_USAGE = YES_ERROR;
				CLANG_WARN_DOCUMENTATION_COMMENTS = YES;
				CLANG_WARN_EMPTY_BODY = YES;
				CLANG_WARN_ENUM_CONVERSION = YES;
				CLANG_WARN_INFINITE_RECURSION = YES;
				CLANG_WARN_INT_CONVERSION = YES;
				CLANG_WARN_NON_LITERAL_NULL_CONVERSION = YES;
				CLANG_WARN_OBJC_IMPLICIT_RETAIN_SELF = YES;
				CLANG_WARN_OBJC_LITERAL_CONVERSION = YES;
				CLANG_WARN_OBJC_ROOT_CLASS = YES_ERROR;
				CLANG_WARN_QUOTED_INCLUDE_IN_FRAMEWORK_HEADER = YES;
				CLANG_WARN_RANGE_LOOP_ANALYSIS = YES;
				CLANG_WARN_STRICT_PROTOTYPES = YES;
				CLANG_WARN_SUSPICIOUS_MOVE = YES;
				CLANG_WARN_UNGUARDED_AVAILABILITY = YES_AGGRESSIVE;
				CLANG_WARN_UNREACHABLE_CODE = YES;
				CLANG_WARN__DUPLICATE_METHOD_MATCH = YES;
				COPY_PHASE_STRIP = NO;
				DEBUG_INFORMATION_FORMAT = dwarf;
				ENABLE_STRICT_OBJC_MSGSEND = YES;
				ENABLE_TESTABILITY = YES;
				ENABLE_USER_SCRIPT_SANDBOXING = YES;
				GCC_C_LANGUAGE_STANDARD = gnu17;
				GCC_DYNAMIC_NO_PIC = NO;
				GCC_NO_COMMON_BLOCKS = YES;
				GCC_OPTIMIZATION_LEVEL = 0;
				GCC_PREPROCESSOR_DEFINITIONS = (
					"DEBUG=1",
					"$(inherited)",
				);
				GCC_WARN_64_TO_32_BIT_CONVERSION = YES;
				GCC_WARN_ABOUT_RETURN_TYPE = YES_ERROR;
				GCC_WARN_UNDECLARED_SELECTOR = YES;
				GCC_WARN_UNINITIALIZED_AUTOS = YES_AGGRESSIVE;
				GCC_WARN_UNUSED_FUNCTION = YES;
				GCC_WARN_UNUSED_VARIABLE = YES;
				IPHONEOS_DEPLOYMENT_TARGET = 17.5;
				LOCALIZATION_PREFERS_STRING_CATALOGS = YES;
				MTL_ENABLE_DEBUG_INFO = INCLUDE_SOURCE;
				MTL_FAST_MATH = YES;
				ONLY_ACTIVE_ARCH = YES;
				SDKROOT = iphoneos;
				SWIFT_ACTIVE_COMPILATION_CONDITIONS = "DEBUG $(inherited)";
				SWIFT_OPTIMIZATION_LEVEL = "-Onone";
			};
			name = Debug;
		};
		AC4E43FB2C14B48F0024EE52 /* Release */ = {
			isa = XCBuildConfiguration;
			buildSettings = {
				ALWAYS_SEARCH_USER_PATHS = NO;
				ASSETCATALOG_COMPILER_GENERATE_SWIFT_ASSET_SYMBOL_EXTENSIONS = YES;
				CLANG_ANALYZER_NONNULL = YES;
				CLANG_ANALYZER_NUMBER_OBJECT_CONVERSION = YES_AGGRESSIVE;
				CLANG_CXX_LANGUAGE_STANDARD = "gnu++20";
				CLANG_ENABLE_MODULES = YES;
				CLANG_ENABLE_OBJC_ARC = YES;
				CLANG_ENABLE_OBJC_WEAK = YES;
				CLANG_WARN_BLOCK_CAPTURE_AUTORELEASING = YES;
				CLANG_WARN_BOOL_CONVERSION = YES;
				CLANG_WARN_COMMA = YES;
				CLANG_WARN_CONSTANT_CONVERSION = YES;
				CLANG_WARN_DEPRECATED_OBJC_IMPLEMENTATIONS = YES;
				CLANG_WARN_DIRECT_OBJC_ISA_USAGE = YES_ERROR;
				CLANG_WARN_DOCUMENTATION_COMMENTS = YES;
				CLANG_WARN_EMPTY_BODY = YES;
				CLANG_WARN_ENUM_CONVERSION = YES;
				CLANG_WARN_INFINITE_RECURSION = YES;
				CLANG_WARN_INT_CONVERSION = YES;
				CLANG_WARN_NON_LITERAL_NULL_CONVERSION = YES;
				CLANG_WARN_OBJC_IMPLICIT_RETAIN_SELF = YES;
				CLANG_WARN_OBJC_LITERAL_CONVERSION = YES;
				CLANG_WARN_OBJC_ROOT_CLASS = YES_ERROR;
				CLANG_WARN_QUOTED_INCLUDE_IN_FRAMEWORK_HEADER = YES;
				CLANG_WARN_RANGE_LOOP_ANALYSIS = YES;
				CLANG_WARN_STRICT_PROTOTYPES = YES;
				CLANG_WARN_SUSPICIOUS_MOVE = YES;
				CLANG_WARN_UNGUARDED_AVAILABILITY = YES_AGGRESSIVE;
				CLANG_WARN_UNREACHABLE_CODE = YES;
				CLANG_WARN__DUPLICATE_METHOD_MATCH = YES;
				COPY_PHASE_STRIP = NO;
				DEBUG_INFORMATION_FORMAT = "dwarf-with-dsym";
				ENABLE_NS_ASSERTIONS = NO;
				ENABLE_STRICT_OBJC_MSGSEND = YES;
				ENABLE_USER_SCRIPT_SANDBOXING = YES;
				GCC_C_LANGUAGE_STANDARD = gnu17;
				GCC_NO_COMMON_BLOCKS = YES;
				GCC_WARN_64_TO_32_BIT_CONVERSION = YES;
				GCC_WARN_ABOUT_RETURN_TYPE = YES_ERROR;
				GCC_WARN_UNDECLARED_SELECTOR = YES;
				GCC_WARN_UNINITIALIZED_AUTOS = YES_AGGRESSIVE;
				GCC_WARN_UNUSED_FUNCTION = YES;
				GCC_WARN_UNUSED_VARIABLE = YES;
				IPHONEOS_DEPLOYMENT_TARGET = 17.5;
				LOCALIZATION_PREFERS_STRING_CATALOGS = YES;
				MTL_ENABLE_DEBUG_INFO = NO;
				MTL_FAST_MATH = YES;
				SDKROOT = iphoneos;
				SWIFT_COMPILATION_MODE = wholemodule;
				VALIDATE_PRODUCT = YES;
			};
			name = Release;
		};
		AC4E43FD2C14B48F0024EE52 /* Debug */ = {
			isa = XCBuildConfiguration;
			buildSettings = {
				ASSETCATALOG_COMPILER_APPICON_NAME = AppIcon;
				ASSETCATALOG_COMPILER_GLOBAL_ACCENT_COLOR_NAME = AccentColor;
				CODE_SIGN_STYLE = Automatic;
				CURRENT_PROJECT_VERSION = 2;
				DEVELOPMENT_ASSET_PATHS = "\"Vitesse/Preview Content\"";
				DEVELOPMENT_TEAM = 9L643QCQAN;
				ENABLE_PREVIEWS = YES;
				GENERATE_INFOPLIST_FILE = YES;
				INFOPLIST_KEY_UIApplicationSceneManifest_Generation = YES;
				INFOPLIST_KEY_UIApplicationSupportsIndirectInputEvents = YES;
				INFOPLIST_KEY_UILaunchScreen_Generation = YES;
				INFOPLIST_KEY_UISupportedInterfaceOrientations_iPad = "UIInterfaceOrientationPortrait UIInterfaceOrientationPortraitUpsideDown UIInterfaceOrientationLandscapeLeft UIInterfaceOrientationLandscapeRight";
				INFOPLIST_KEY_UISupportedInterfaceOrientations_iPhone = "UIInterfaceOrientationPortrait UIInterfaceOrientationLandscapeLeft UIInterfaceOrientationLandscapeRight";
				LD_RUNPATH_SEARCH_PATHS = (
					"$(inherited)",
					"@executable_path/Frameworks",
				);
				MARKETING_VERSION = "1.0 - dev";
				PRODUCT_BUNDLE_IDENTIFIER = com.leplard.Vitesse;
				PRODUCT_NAME = "$(TARGET_NAME)";
				SWIFT_EMIT_LOC_STRINGS = YES;
				SWIFT_VERSION = 5.0;
				TARGETED_DEVICE_FAMILY = "1,2";
			};
			name = Debug;
		};
		AC4E43FE2C14B48F0024EE52 /* Release */ = {
			isa = XCBuildConfiguration;
			buildSettings = {
				ASSETCATALOG_COMPILER_APPICON_NAME = AppIcon;
				ASSETCATALOG_COMPILER_GLOBAL_ACCENT_COLOR_NAME = AccentColor;
				CODE_SIGN_STYLE = Automatic;
				CURRENT_PROJECT_VERSION = 2;
				DEVELOPMENT_ASSET_PATHS = "\"Vitesse/Preview Content\"";
				DEVELOPMENT_TEAM = 9L643QCQAN;
				ENABLE_PREVIEWS = YES;
				GENERATE_INFOPLIST_FILE = YES;
				INFOPLIST_KEY_UIApplicationSceneManifest_Generation = YES;
				INFOPLIST_KEY_UIApplicationSupportsIndirectInputEvents = YES;
				INFOPLIST_KEY_UILaunchScreen_Generation = YES;
				INFOPLIST_KEY_UISupportedInterfaceOrientations_iPad = "UIInterfaceOrientationPortrait UIInterfaceOrientationPortraitUpsideDown UIInterfaceOrientationLandscapeLeft UIInterfaceOrientationLandscapeRight";
				INFOPLIST_KEY_UISupportedInterfaceOrientations_iPhone = "UIInterfaceOrientationPortrait UIInterfaceOrientationLandscapeLeft UIInterfaceOrientationLandscapeRight";
				LD_RUNPATH_SEARCH_PATHS = (
					"$(inherited)",
					"@executable_path/Frameworks",
				);
				MARKETING_VERSION = "1.0 - dev";
				PRODUCT_BUNDLE_IDENTIFIER = com.leplard.Vitesse;
				PRODUCT_NAME = "$(TARGET_NAME)";
				SWIFT_EMIT_LOC_STRINGS = YES;
				SWIFT_VERSION = 5.0;
				TARGETED_DEVICE_FAMILY = "1,2";
			};
			name = Release;
		};
/* End XCBuildConfiguration section */

/* Begin XCConfigurationList section */
		AC4E43E92C14B48F0024EE52 /* Build configuration list for PBXProject "Vitesse" */ = {
			isa = XCConfigurationList;
			buildConfigurations = (
				AC4E43FA2C14B48F0024EE52 /* Debug */,
				AC4E43FB2C14B48F0024EE52 /* Release */,
			);
			defaultConfigurationIsVisible = 0;
			defaultConfigurationName = Release;
		};
		AC4E43FC2C14B48F0024EE52 /* Build configuration list for PBXNativeTarget "Vitesse" */ = {
			isa = XCConfigurationList;
			buildConfigurations = (
				AC4E43FD2C14B48F0024EE52 /* Debug */,
				AC4E43FE2C14B48F0024EE52 /* Release */,
			);
			defaultConfigurationIsVisible = 0;
			defaultConfigurationName = Release;
		};
/* End XCConfigurationList section */
	};
	rootObject = AC4E43E62C14B48F0024EE52 /* Project object */;
}
